
Microsoft Visual Studio Solution File, Format Version 12.00
# Visual Studio Version 16
VisualStudioVersion = 16.0.31624.102
MinimumVisualStudioVersion = 10.0.40219.1
Project("{FAE04EC0-301F-11D3-BF4B-00C04F79EFBC}") = "Baker_exam1", "Baker_exam1\Baker_exam1.csproj", "{C20BF4F0-FB55-448C-BD92-84126109838F}"
EndProject
Global
	GlobalSection(SolutionConfigurationPlatforms) = preSolution
		Debug|Any CPU = Debug|Any CPU
		Release|Any CPU = Release|Any CPU
	EndGlobalSection
	GlobalSection(ProjectConfigurationPlatforms) = postSolution
		{C20BF4F0-FB55-448C-BD92-84126109838F}.Debug|Any CPU.ActiveCfg = Debug|Any CPU
		{C20BF4F0-FB55-448C-BD92-84126109838F}.Debug|Any CPU.Build.0 = Debug|Any CPU
		{C20BF4F0-FB55-448C-BD92-84126109838F}.Release|Any CPU.ActiveCfg = Release|Any CPU
		{C20BF4F0-FB55-448C-BD92-84126109838F}.Release|Any CPU.Build.0 = Release|Any CPU
	EndGlobalSection
	GlobalSection(SolutionProperties) = preSolution
		HideSolutionNode = FALSE
	EndGlobalSection
	GlobalSection(ExtensibilityGlobals) = postSolution
		SolutionGuid = {8BFD4CAA-2405-4C81-B0AB-1DABFC93DBEB}
	EndGlobalSection
EndGlobal
